
Microsoft Visual Studio Solution File, Format Version 12.00
# Visual Studio Version 16
VisualStudioVersion = 16.0.29911.84
MinimumVisualStudioVersion = 10.0.40219.1
Project("{FAE04EC0-301F-11D3-BF4B-00C04F79EFBC}") = "WebApiDemo2", "WebApiDemo2.csproj", "{DDCDD64A-9A94-44D4-B99C-A53C4772C4CA}"
EndProject
Global
	GlobalSection(SolutionConfigurationPlatforms) = preSolution
		Debug|Any CPU = Debug|Any CPU
		Release|Any CPU = Release|Any CPU
	EndGlobalSection
	GlobalSection(ProjectConfigurationPlatforms) = postSolution
		{DDCDD64A-9A94-44D4-B99C-A53C4772C4CA}.Debug|Any CPU.ActiveCfg = Debug|Any CPU
		{DDCDD64A-9A94-44D4-B99C-A53C4772C4CA}.Debug|Any CPU.Build.0 = Debug|Any CPU
		{DDCDD64A-9A94-44D4-B99C-A53C4772C4CA}.Release|Any CPU.ActiveCfg = Release|Any CPU
		{DDCDD64A-9A94-44D4-B99C-A53C4772C4CA}.Release|Any CPU.Build.0 = Release|Any CPU
	EndGlobalSection
	GlobalSection(SolutionProperties) = preSolution
		HideSolutionNode = FALSE
	EndGlobalSection
	GlobalSection(ExtensibilityGlobals) = postSolution
		SolutionGuid = {25733B30-2A0C-4A9B-A027-9EF7D389E236}
	EndGlobalSection
EndGlobal
